Microsoft Visual Studio Solution File, Format Version 12.00
# Visual Studio Version 17
VisualStudioVersion = 17.0.31903.59
MinimumVisualStudioVersion = 10.0.40219.1
Project("{FAE04EC0-301F-11D3-BF4B-00C04F79EFBC}") = "ZenWin.Models", "src\ZenWin.Models\ZenWin.Models.csproj", "{0C6A13B8-8D4C-4B4A-BFA6-DBB9AD081001}"
EndProject
Project("{FAE04EC0-301F-11D3-BF4B-00C04F79EFBC}") = "ZenWin.Interop", "src\ZenWin.Interop\ZenWin.Interop.csproj", "{0C6A13B8-8D4C-4B4A-BFA6-DBB9AD081002}"
EndProject
Project("{FAE04EC0-301F-11D3-BF4B-00C04F79EFBC}") = "ZenWin.Services", "src\ZenWin.Services\ZenWin.Services.csproj", "{0C6A13B8-8D4C-4B4A-BFA6-DBB9AD081003}"
EndProject
Project("{FAE04EC0-301F-11D3-BF4B-00C04F79EFBC}") = "ZenWin.Core", "src\ZenWin.Core\ZenWin.Core.csproj", "{0C6A13B8-8D4C-4B4A-BFA6-DBB9AD081004}"
EndProject
Project("{FAE04EC0-301F-11D3-BF4B-00C04F79EFBC}") = "ZenWin.UI", "src\ZenWin.UI\ZenWin.UI.csproj", "{0C6A13B8-8D4C-4B4A-BFA6-DBB9AD081005}"
EndProject
Project("{FAE04EC0-301F-11D3-BF4B-00C04F79EFBC}") = "ZenWin.Tests", "tests\ZenWin.Tests\ZenWin.Tests.csproj", "{0C6A13B8-8D4C-4B4A-BFA6-DBB9AD081006}"
EndProject
Global
	GlobalSection(SolutionConfigurationPlatforms) = preSolution
		Debug|Any CPU = Debug|Any CPU
		Release|Any CPU = Release|Any CPU
	EndGlobalSection
	GlobalSection(ProjectConfigurationPlatforms) = postSolution
		{0C6A13B8-8D4C-4B4A-BFA6-DBB9AD081001}.Debug|Any CPU.ActiveCfg = Debug|Any CPU
		{0C6A13B8-8D4C-4B4A-BFA6-DBB9AD081001}.Debug|Any CPU.Build.0 = Debug|Any CPU
		{0C6A13B8-8D4C-4B4A-BFA6-DBB9AD081001}.Release|Any CPU.ActiveCfg = Release|Any CPU
		{0C6A13B8-8D4C-4B4A-BFA6-DBB9AD081001}.Release|Any CPU.Build.0 = Release|Any CPU
		{0C6A13B8-8D4C-4B4A-BFA6-DBB9AD081002}.Debug|Any CPU.ActiveCfg = Debug|Any CPU
		{0C6A13B8-8D4C-4B4A-BFA6-DBB9AD081002}.Debug|Any CPU.Build.0 = Debug|Any CPU
		{0C6A13B8-8D4C-4B4A-BFA6-DBB9AD081002}.Release|Any CPU.ActiveCfg = Release|Any CPU
		{0C6A13B8-8D4C-4B4A-BFA6-DBB9AD081002}.Release|Any CPU.Build.0 = Release|Any CPU
		{0C6A13B8-8D4C-4B4A-BFA6-DBB9AD081003}.Debug|Any CPU.ActiveCfg = Debug|Any CPU
		{0C6A13B8-8D4C-4B4A-BFA6-DBB9AD081003}.Debug|Any CPU.Build.0 = Debug|Any CPU
		{0C6A13B8-8D4C-4B4A-BFA6-DBB9AD081003}.Release|Any CPU.ActiveCfg = Release|Any CPU
		{0C6A13B8-8D4C-4B4A-BFA6-DBB9AD081003}.Release|Any CPU.Build.0 = Release|Any CPU
		{0C6A13B8-8D4C-4B4A-BFA6-DBB9AD081004}.Debug|Any CPU.ActiveCfg = Debug|Any CPU
		{0C6A13B8-8D4C-4B4A-BFA6-DBB9AD081004}.Debug|Any CPU.Build.0 = Debug|Any CPU
		{0C6A13B8-8D4C-4B4A-BFA6-DBB9AD081004}.Release|Any CPU.ActiveCfg = Release|Any CPU
		{0C6A13B8-8D4C-4B4A-BFA6-DBB9AD081004}.Release|Any CPU.Build.0 = Release|Any CPU
		{0C6A13B8-8D4C-4B4A-BFA6-DBB9AD081005}.Debug|Any CPU.ActiveCfg = Debug|Any CPU
		{0C6A13B8-8D4C-4B4A-BFA6-DBB9AD081005}.Debug|Any CPU.Build.0 = Debug|Any CPU
		{0C6A13B8-8D4C-4B4A-BFA6-DBB9AD081005}.Release|Any CPU.ActiveCfg = Release|Any CPU
		{0C6A13B8-8D4C-4B4A-BFA6-DBB9AD081005}.Release|Any CPU.Build.0 = Release|Any CPU
		{0C6A13B8-8D4C-4B4A-BFA6-DBB9AD081006}.Debug|Any CPU.ActiveCfg = Debug|Any CPU
		{0C6A13B8-8D4C-4B4A-BFA6-DBB9AD081006}.Debug|Any CPU.Build.0 = Debug|Any CPU
		{0C6A13B8-8D4C-4B4A-BFA6-DBB9AD081006}.Release|Any CPU.ActiveCfg = Release|Any CPU
		{0C6A13B8-8D4C-4B4A-BFA6-DBB9AD081006}.Release|Any CPU.Build.0 = Release|Any CPU
	EndGlobalSection
EndGlobal
